
Microsoft Visual Studio Solution File, Format Version 12.00
# Visual Studio 15
VisualStudioVersion = 15.0.28010.2019
MinimumVisualStudioVersion = 10.0.40219.1
Project("{8BC9CEB8-8B4A-11D0-8D11-00A0C91BC942}") = "cubeMarching", "cubeMarching\cubeMarching.vcxproj", "{BAC5B9EB-164F-4E65-BFFB-B15F4C53434E}"
EndProject
Global
	GlobalSection(SolutionConfigurationPlatforms) = preSolution
		Debug|x64 = Debug|x64
		Debug|x86 = Debug|x86
		Release|x64 = Release|x64
		Release|x86 = Release|x86
	EndGlobalSection
	GlobalSection(ProjectConfigurationPlatforms) = postSolution
		{BAC5B9EB-164F-4E65-BFFB-B15F4C53434E}.Debug|x64.ActiveCfg = Debug|x64
		{BAC5B9EB-164F-4E65-BFFB-B15F4C53434E}.Debug|x64.Build.0 = Debug|x64
		{BAC5B9EB-164F-4E65-BFFB-B15F4C53434E}.Debug|x86.ActiveCfg = Debug|Win32
		{BAC5B9EB-164F-4E65-BFFB-B15F4C53434E}.Debug|x86.Build.0 = Debug|Win32
		{BAC5B9EB-164F-4E65-BFFB-B15F4C53434E}.Release|x64.ActiveCfg = Release|x64
		{BAC5B9EB-164F-4E65-BFFB-B15F4C53434E}.Release|x64.Build.0 = Release|x64
		{BAC5B9EB-164F-4E65-BFFB-B15F4C53434E}.Release|x86.ActiveCfg = Release|Win32
		{BAC5B9EB-164F-4E65-BFFB-B15F4C53434E}.Release|x86.Build.0 = Release|Win32
	EndGlobalSection
	GlobalSection(SolutionProperties) = preSolution
		HideSolutionNode = FALSE
	EndGlobalSection
	GlobalSection(ExtensibilityGlobals) = postSolution
		SolutionGuid = {F0B242AD-DCDE-4E74-ADC5-A4B2D17E0018}
	EndGlobalSection
EndGlobal
